
Microsoft Visual Studio Solution File, Format Version 12.00
# Visual Studio Version 16
VisualStudioVersion = 16.0.30804.86
MinimumVisualStudioVersion = 10.0.40219.1
Project("{FAE04EC0-301F-11D3-BF4B-00C04F79EFBC}") = "Send_Emails", "Send_Emails.csproj", "{5814443C-7E56-4C6E-88DE-90F9DE863F09}"
EndProject
Global
	GlobalSection(SolutionConfigurationPlatforms) = preSolution
		Debug|Any CPU = Debug|Any CPU
		Release|Any CPU = Release|Any CPU
	EndGlobalSection
	GlobalSection(ProjectConfigurationPlatforms) = postSolution
		{5814443C-7E56-4C6E-88DE-90F9DE863F09}.Debug|Any CPU.ActiveCfg = Debug|Any CPU
		{5814443C-7E56-4C6E-88DE-90F9DE863F09}.Debug|Any CPU.Build.0 = Debug|Any CPU
		{5814443C-7E56-4C6E-88DE-90F9DE863F09}.Release|Any CPU.ActiveCfg = Release|Any CPU
		{5814443C-7E56-4C6E-88DE-90F9DE863F09}.Release|Any CPU.Build.0 = Release|Any CPU
	EndGlobalSection
	GlobalSection(SolutionProperties) = preSolution
		HideSolutionNode = FALSE
	EndGlobalSection
	GlobalSection(ExtensibilityGlobals) = postSolution
		SolutionGuid = {C6792032-F698-4E3B-ABE7-8ECD35ADC08D}
	EndGlobalSection
EndGlobal
